
Microsoft Visual Studio Solution File, Format Version 12.00
# Visual Studio 15
VisualStudioVersion = 15.0.26403.7
MinimumVisualStudioVersion = 10.0.40219.1
Project("{FAE04EC0-301F-11D3-BF4B-00C04F79EFBC}") = "11. 5 Different Numbers", "homework\11. 5 Different Numbers.csproj", "{1771C79D-2AAD-442E-8C5B-8ADAA6C758D8}"
EndProject
Project("{FAE04EC0-301F-11D3-BF4B-00C04F79EFBC}") = "12. Test Numbers", "12. Test Numbers\12. Test Numbers.csproj", "{4B0BB1EF-36CD-49D2-A97F-9A39549FBB60}"
EndProject
Project("{FAE04EC0-301F-11D3-BF4B-00C04F79EFBC}") = "13. Game of Numbers", "13. Game of Numbers\13. Game of Numbers.csproj", "{0B62A843-BAAB-4B06-8D23-934D4400613F}"
EndProject
Project("{FAE04EC0-301F-11D3-BF4B-00C04F79EFBC}") = "01. Choose a Drink", "01. Choose a Drink\01. Choose a Drink.csproj", "{5C15DB88-458E-4D9C-A02A-C01E2D7F4B22}"
EndProject
Project("{FAE04EC0-301F-11D3-BF4B-00C04F79EFBC}") = "02. Choose a Drink 2.0", "02. Choose a Drink 2.0\02. Choose a Drink 2.0.csproj", "{72FA90EF-DB9B-4736-AEC6-55D08663407F}"
EndProject
Project("{FAE04EC0-301F-11D3-BF4B-00C04F79EFBC}") = "03. Restaurant Discount", "03. Restaurant Discount\03. Restaurant Discount.csproj", "{EF3A48F8-992E-4BFF-9364-2E1F9632089D}"
EndProject
Project("{FAE04EC0-301F-11D3-BF4B-00C04F79EFBC}") = "04. Hotel", "04. Hotel\04. Hotel.csproj", "{EE803B90-CB7A-4A00-8372-D763C7C9BE9B}"
EndProject
Project("{FAE04EC0-301F-11D3-BF4B-00C04F79EFBC}") = "05. Word in Plural", "05. Word in Plural\05. Word in Plural.csproj", "{4A3A03FD-581A-480A-B80F-00580B4D7B33}"
EndProject
Project("{FAE04EC0-301F-11D3-BF4B-00C04F79EFBC}") = "06. Interval of Numbers", "06. Interval of Numbers\06. Interval of Numbers.csproj", "{E9A9C131-54AD-4C89-A6C5-1D2033F930A7}"
EndProject
Project("{FAE04EC0-301F-11D3-BF4B-00C04F79EFBC}") = "07. Cake Ingredients", "07. Cake Ingredients\07. Cake Ingredients.csproj", "{E06BCA2F-B714-4429-8714-08B10E0B1D24}"
EndProject
Project("{FAE04EC0-301F-11D3-BF4B-00C04F79EFBC}") = "08. Calories Counter", "08. Calories Counter\08. Calories Counter.csproj", "{E5820051-CCFA-4EAF-B00D-D0A3AACFC1B3}"
EndProject
Project("{FAE04EC0-301F-11D3-BF4B-00C04F79EFBC}") = "09. Count the Integers", "09. Count the Integers\09. Count the Integers.csproj", "{0E6CC64D-DACB-49D0-A43C-B20FA9CE3E28}"
EndProject
Project("{FAE04EC0-301F-11D3-BF4B-00C04F79EFBC}") = "10. Triangle of Numbers", "10. Triangle of Numbers\10. Triangle of Numbers.csproj", "{FA43D876-A539-4C08-B74B-E594F50C5351}"
EndProject
Project("{FAE04EC0-301F-11D3-BF4B-00C04F79EFBC}") = "14. Magic Letter", "14. Magic Letter\14. Magic Letter.csproj", "{09DC41C8-0D83-4FFB-A90D-16C3E33752EA}"
EndProject
Project("{FAE04EC0-301F-11D3-BF4B-00C04F79EFBC}") = "15. Neighbour Wars", "15. Neighbour Wars\15. Neighbour Wars.csproj", "{DCEF55F3-B29C-4E41-8A70-5B495FD8DD99}"
EndProject
Global
	GlobalSection(SolutionConfigurationPlatforms) = preSolution
		Debug|Any CPU = Debug|Any CPU
		Release|Any CPU = Release|Any CPU
	EndGlobalSection
	GlobalSection(ProjectConfigurationPlatforms) = postSolution
		{1771C79D-2AAD-442E-8C5B-8ADAA6C758D8}.Debug|Any CPU.ActiveCfg = Debug|Any CPU
		{1771C79D-2AAD-442E-8C5B-8ADAA6C758D8}.Debug|Any CPU.Build.0 = Debug|Any CPU
		{1771C79D-2AAD-442E-8C5B-8ADAA6C758D8}.Release|Any CPU.ActiveCfg = Release|Any CPU
		{1771C79D-2AAD-442E-8C5B-8ADAA6C758D8}.Release|Any CPU.Build.0 = Release|Any CPU
		{4B0BB1EF-36CD-49D2-A97F-9A39549FBB60}.Debug|Any CPU.ActiveCfg = Debug|Any CPU
		{4B0BB1EF-36CD-49D2-A97F-9A39549FBB60}.Debug|Any CPU.Build.0 = Debug|Any CPU
		{4B0BB1EF-36CD-49D2-A97F-9A39549FBB60}.Release|Any CPU.ActiveCfg = Release|Any CPU
		{4B0BB1EF-36CD-49D2-A97F-9A39549FBB60}.Release|Any CPU.Build.0 = Release|Any CPU
		{0B62A843-BAAB-4B06-8D23-934D4400613F}.Debug|Any CPU.ActiveCfg = Debug|Any CPU
		{0B62A843-BAAB-4B06-8D23-934D4400613F}.Debug|Any CPU.Build.0 = Debug|Any CPU
		{0B62A843-BAAB-4B06-8D23-934D4400613F}.Release|Any CPU.ActiveCfg = Release|Any CPU
		{0B62A843-BAAB-4B06-8D23-934D4400613F}.Release|Any CPU.Build.0 = Release|Any CPU
		{5C15DB88-458E-4D9C-A02A-C01E2D7F4B22}.Debug|Any CPU.ActiveCfg = Debug|Any CPU
		{5C15DB88-458E-4D9C-A02A-C01E2D7F4B22}.Debug|Any CPU.Build.0 = Debug|Any CPU
		{5C15DB88-458E-4D9C-A02A-C01E2D7F4B22}.Release|Any CPU.ActiveCfg = Release|Any CPU
		{5C15DB88-458E-4D9C-A02A-C01E2D7F4B22}.Release|Any CPU.Build.0 = Release|Any CPU
		{72FA90EF-DB9B-4736-AEC6-55D08663407F}.Debug|Any CPU.ActiveCfg = Debug|Any CPU
		{72FA90EF-DB9B-4736-AEC6-55D08663407F}.Debug|Any CPU.Build.0 = Debug|Any CPU
		{72FA90EF-DB9B-4736-AEC6-55D08663407F}.Release|Any CPU.ActiveCfg = Release|Any CPU
		{72FA90EF-DB9B-4736-AEC6-55D08663407F}.Release|Any CPU.Build.0 = Release|Any CPU
		{EF3A48F8-992E-4BFF-9364-2E1F9632089D}.Debug|Any CPU.ActiveCfg = Debug|Any CPU
		{EF3A48F8-992E-4BFF-9364-2E1F9632089D}.Debug|Any CPU.Build.0 = Debug|Any CPU
		{EF3A48F8-992E-4BFF-9364-2E1F9632089D}.Release|Any CPU.ActiveCfg = Release|Any CPU
		{EF3A48F8-992E-4BFF-9364-2E1F9632089D}.Release|Any CPU.Build.0 = Release|Any CPU
		{EE803B90-CB7A-4A00-8372-D763C7C9BE9B}.Debug|Any CPU.ActiveCfg = Debug|Any CPU
		{EE803B90-CB7A-4A00-8372-D763C7C9BE9B}.Debug|Any CPU.Build.0 = Debug|Any CPU
		{EE803B90-CB7A-4A00-8372-D763C7C9BE9B}.Release|Any CPU.ActiveCfg = Release|Any CPU
		{EE803B90-CB7A-4A00-8372-D763C7C9BE9B}.Release|Any CPU.Build.0 = Release|Any CPU
		{4A3A03FD-581A-480A-B80F-00580B4D7B33}.Debug|Any CPU.ActiveCfg = Debug|Any CPU
		{4A3A03FD-581A-480A-B80F-00580B4D7B33}.Debug|Any CPU.Build.0 = Debug|Any CPU
		{4A3A03FD-581A-480A-B80F-00580B4D7B33}.Release|Any CPU.ActiveCfg = Release|Any CPU
		{4A3A03FD-581A-480A-B80F-00580B4D7B33}.Release|Any CPU.Build.0 = Release|Any CPU
		{E9A9C131-54AD-4C89-A6C5-1D2033F930A7}.Debug|Any CPU.ActiveCfg = Debug|Any CPU
		{E9A9C131-54AD-4C89-A6C5-1D2033F930A7}.Debug|Any CPU.Build.0 = Debug|Any CPU
		{E9A9C131-54AD-4C89-A6C5-1D2033F930A7}.Release|Any CPU.ActiveCfg = Release|Any CPU
		{E9A9C131-54AD-4C89-A6C5-1D2033F930A7}.Release|Any CPU.Build.0 = Release|Any CPU
		{E06BCA2F-B714-4429-8714-08B10E0B1D24}.Debug|Any CPU.ActiveCfg = Debug|Any CPU
		{E06BCA2F-B714-4429-8714-08B10E0B1D24}.Debug|Any CPU.Build.0 = Debug|Any CPU
		{E06BCA2F-B714-4429-8714-08B10E0B1D24}.Release|Any CPU.ActiveCfg = Release|Any CPU
		{E06BCA2F-B714-4429-8714-08B10E0B1D24}.Release|Any CPU.Build.0 = Release|Any CPU
		{E5820051-CCFA-4EAF-B00D-D0A3AACFC1B3}.Debug|Any CPU.ActiveCfg = Debug|Any CPU
		{E5820051-CCFA-4EAF-B00D-D0A3AACFC1B3}.Debug|Any CPU.Build.0 = Debug|Any CPU
		{E5820051-CCFA-4EAF-B00D-D0A3AACFC1B3}.Release|Any CPU.ActiveCfg = Release|Any CPU
		{E5820051-CCFA-4EAF-B00D-D0A3AACFC1B3}.Release|Any CPU.Build.0 = Release|Any CPU
		{0E6CC64D-DACB-49D0-A43C-B20FA9CE3E28}.Debug|Any CPU.ActiveCfg = Debug|Any CPU
		{0E6CC64D-DACB-49D0-A43C-B20FA9CE3E28}.Debug|Any CPU.Build.0 = Debug|Any CPU
		{0E6CC64D-DACB-49D0-A43C-B20FA9CE3E28}.Release|Any CPU.ActiveCfg = Release|Any CPU
		{0E6CC64D-DACB-49D0-A43C-B20FA9CE3E28}.Release|Any CPU.Build.0 = Release|Any CPU
		{FA43D876-A539-4C08-B74B-E594F50C5351}.Debug|Any CPU.ActiveCfg = Debug|Any CPU
		{FA43D876-A539-4C08-B74B-E594F50C5351}.Debug|Any CPU.Build.0 = Debug|Any CPU
		{FA43D876-A539-4C08-B74B-E594F50C5351}.Release|Any CPU.ActiveCfg = Release|Any CPU
		{FA43D876-A539-4C08-B74B-E594F50C5351}.Release|Any CPU.Build.0 = Release|Any CPU
		{09DC41C8-0D83-4FFB-A90D-16C3E33752EA}.Debug|Any CPU.ActiveCfg = Debug|Any CPU
		{09DC41C8-0D83-4FFB-A90D-16C3E33752EA}.Debug|Any CPU.Build.0 = Debug|Any CPU
		{09DC41C8-0D83-4FFB-A90D-16C3E33752EA}.Release|Any CPU.ActiveCfg = Release|Any CPU
		{09DC41C8-0D83-4FFB-A90D-16C3E33752EA}.Release|Any CPU.Build.0 = Release|Any CPU
		{DCEF55F3-B29C-4E41-8A70-5B495FD8DD99}.Debug|Any CPU.ActiveCfg = Debug|Any CPU
		{DCEF55F3-B29C-4E41-8A70-5B495FD8DD99}.Debug|Any CPU.Build.0 = Debug|Any CPU
		{DCEF55F3-B29C-4E41-8A70-5B495FD8DD99}.Release|Any CPU.ActiveCfg = Release|Any CPU
		{DCEF55F3-B29C-4E41-8A70-5B495FD8DD99}.Release|Any CPU.Build.0 = Release|Any CPU
	EndGlobalSection
	GlobalSection(SolutionProperties) = preSolution
		HideSolutionNode = FALSE
	EndGlobalSection
EndGlobal
