
Microsoft Visual Studio Solution File, Format Version 12.00
# Visual Studio 15
VisualStudioVersion = 15.0.26403.7
MinimumVisualStudioVersion = 10.0.40219.1
Project("{FAE04EC0-301F-11D3-BF4B-00C04F79EFBC}") = "01.DebitCardNumber", "01.IntroandBasicSyntaxExercises\01.DebitCardNumber.csproj", "{EDCB4235-62AC-43ED-92F8-1692BF983C53}"
EndProject
Project("{FAE04EC0-301F-11D3-BF4B-00C04F79EFBC}") = "02.RectangleArea", "02.RectangleArea\02.RectangleArea.csproj", "{69702BA5-1421-4113-B499-26CA21B66AC4}"
EndProject
Project("{FAE04EC0-301F-11D3-BF4B-00C04F79EFBC}") = "03.MilesToKilometers", "03.MilesToKilometers\03.MilesToKilometers.csproj", "{3F5184AD-30FD-4201-B694-366D55EDF42C}"
EndProject
Project("{FAE04EC0-301F-11D3-BF4B-00C04F79EFBC}") = "04.BeverageLabels", "04.BeverageLabels\04.BeverageLabels.csproj", "{9B18DCBB-1475-4BDF-8839-26593B00F042}"
EndProject
Project("{FAE04EC0-301F-11D3-BF4B-00C04F79EFBC}") = "05.CharacterStats", "05.CharacterStats\05.CharacterStats.csproj", "{DB5A1591-09B3-4EC8-86E6-946FF8F4ED26}"
EndProject
Global
	GlobalSection(SolutionConfigurationPlatforms) = preSolution
		Debug|Any CPU = Debug|Any CPU
		Release|Any CPU = Release|Any CPU
	EndGlobalSection
	GlobalSection(ProjectConfigurationPlatforms) = postSolution
		{EDCB4235-62AC-43ED-92F8-1692BF983C53}.Debug|Any CPU.ActiveCfg = Debug|Any CPU
		{EDCB4235-62AC-43ED-92F8-1692BF983C53}.Debug|Any CPU.Build.0 = Debug|Any CPU
		{EDCB4235-62AC-43ED-92F8-1692BF983C53}.Release|Any CPU.ActiveCfg = Release|Any CPU
		{EDCB4235-62AC-43ED-92F8-1692BF983C53}.Release|Any CPU.Build.0 = Release|Any CPU
		{69702BA5-1421-4113-B499-26CA21B66AC4}.Debug|Any CPU.ActiveCfg = Debug|Any CPU
		{69702BA5-1421-4113-B499-26CA21B66AC4}.Debug|Any CPU.Build.0 = Debug|Any CPU
		{69702BA5-1421-4113-B499-26CA21B66AC4}.Release|Any CPU.ActiveCfg = Release|Any CPU
		{69702BA5-1421-4113-B499-26CA21B66AC4}.Release|Any CPU.Build.0 = Release|Any CPU
		{3F5184AD-30FD-4201-B694-366D55EDF42C}.Debug|Any CPU.ActiveCfg = Debug|Any CPU
		{3F5184AD-30FD-4201-B694-366D55EDF42C}.Debug|Any CPU.Build.0 = Debug|Any CPU
		{3F5184AD-30FD-4201-B694-366D55EDF42C}.Release|Any CPU.ActiveCfg = Release|Any CPU
		{3F5184AD-30FD-4201-B694-366D55EDF42C}.Release|Any CPU.Build.0 = Release|Any CPU
		{9B18DCBB-1475-4BDF-8839-26593B00F042}.Debug|Any CPU.ActiveCfg = Debug|Any CPU
		{9B18DCBB-1475-4BDF-8839-26593B00F042}.Debug|Any CPU.Build.0 = Debug|Any CPU
		{9B18DCBB-1475-4BDF-8839-26593B00F042}.Release|Any CPU.ActiveCfg = Release|Any CPU
		{9B18DCBB-1475-4BDF-8839-26593B00F042}.Release|Any CPU.Build.0 = Release|Any CPU
		{DB5A1591-09B3-4EC8-86E6-946FF8F4ED26}.Debug|Any CPU.ActiveCfg = Debug|Any CPU
		{DB5A1591-09B3-4EC8-86E6-946FF8F4ED26}.Debug|Any CPU.Build.0 = Debug|Any CPU
		{DB5A1591-09B3-4EC8-86E6-946FF8F4ED26}.Release|Any CPU.ActiveCfg = Release|Any CPU
		{DB5A1591-09B3-4EC8-86E6-946FF8F4ED26}.Release|Any CPU.Build.0 = Release|Any CPU
	EndGlobalSection
	GlobalSection(SolutionProperties) = preSolution
		HideSolutionNode = FALSE
	EndGlobalSection
EndGlobal
